
Microsoft Visual Studio Solution File, Format Version 12.00
# Visual Studio Version 16
VisualStudioVersion = 16.0.31112.23
MinimumVisualStudioVersion = 10.0.40219.1
Project("{9A19103F-16F7-4668-BE54-9A1E7A4F7556}") = "Todo.Entities", "Todo.Entities\Todo.Entities.csproj", "{D1DEBDD6-04F8-404E-BE9F-EACDE3BFE720}"
EndProject
Project("{9A19103F-16F7-4668-BE54-9A1E7A4F7556}") = "Todo.DataAccsess", "Todo.DataAccsess\Todo.DataAccsess.csproj", "{E07F5E9C-71C4-4A6C-BB81-4ADD33B6DDE2}"
EndProject
Project("{FAE04EC0-301F-11D3-BF4B-00C04F79EFBC}") = "Todo.Business", "Todo.Business\Todo.Business.csproj", "{8523B145-949E-418B-B751-BBF570AF81B9}"
EndProject
Project("{FAE04EC0-301F-11D3-BF4B-00C04F79EFBC}") = "Todo.API", "Todo.API\Todo.API.csproj", "{38983EB9-826A-4544-A3B4-EE48405DE784}"
EndProject
Global
	GlobalSection(SolutionConfigurationPlatforms) = preSolution
		Debug|Any CPU = Debug|Any CPU
		Release|Any CPU = Release|Any CPU
	EndGlobalSection
	GlobalSection(ProjectConfigurationPlatforms) = postSolution
		{D1DEBDD6-04F8-404E-BE9F-EACDE3BFE720}.Debug|Any CPU.ActiveCfg = Debug|Any CPU
		{D1DEBDD6-04F8-404E-BE9F-EACDE3BFE720}.Debug|Any CPU.Build.0 = Debug|Any CPU
		{D1DEBDD6-04F8-404E-BE9F-EACDE3BFE720}.Release|Any CPU.ActiveCfg = Release|Any CPU
		{D1DEBDD6-04F8-404E-BE9F-EACDE3BFE720}.Release|Any CPU.Build.0 = Release|Any CPU
		{E07F5E9C-71C4-4A6C-BB81-4ADD33B6DDE2}.Debug|Any CPU.ActiveCfg = Debug|Any CPU
		{E07F5E9C-71C4-4A6C-BB81-4ADD33B6DDE2}.Debug|Any CPU.Build.0 = Debug|Any CPU
		{E07F5E9C-71C4-4A6C-BB81-4ADD33B6DDE2}.Release|Any CPU.ActiveCfg = Release|Any CPU
		{E07F5E9C-71C4-4A6C-BB81-4ADD33B6DDE2}.Release|Any CPU.Build.0 = Release|Any CPU
		{8523B145-949E-418B-B751-BBF570AF81B9}.Debug|Any CPU.ActiveCfg = Debug|Any CPU
		{8523B145-949E-418B-B751-BBF570AF81B9}.Debug|Any CPU.Build.0 = Debug|Any CPU
		{8523B145-949E-418B-B751-BBF570AF81B9}.Release|Any CPU.ActiveCfg = Release|Any CPU
		{8523B145-949E-418B-B751-BBF570AF81B9}.Release|Any CPU.Build.0 = Release|Any CPU
		{38983EB9-826A-4544-A3B4-EE48405DE784}.Debug|Any CPU.ActiveCfg = Debug|Any CPU
		{38983EB9-826A-4544-A3B4-EE48405DE784}.Debug|Any CPU.Build.0 = Debug|Any CPU
		{38983EB9-826A-4544-A3B4-EE48405DE784}.Release|Any CPU.ActiveCfg = Release|Any CPU
		{38983EB9-826A-4544-A3B4-EE48405DE784}.Release|Any CPU.Build.0 = Release|Any CPU
	EndGlobalSection
	GlobalSection(SolutionProperties) = preSolution
		HideSolutionNode = FALSE
	EndGlobalSection
	GlobalSection(ExtensibilityGlobals) = postSolution
		SolutionGuid = {4E31BC01-897C-4597-B0A5-6ACF77562707}
	EndGlobalSection
EndGlobal
